{
  "name": "www",
  "version": "1.0.0",
  "lockfileVersion": 1,
  "requires": true,
  "dependencies": {
    "@zxing/library": {
      "version": "0.18.5",
      "resolved": "https://registry.npmjs.org/@zxing/library/-/library-0.18.5.tgz",
      "integrity": "sha512-ipJeSBUQXgrJbgRotmDiSr+1/EeEJFPHbODrewGdz1sDbhWS+iWuHMrboqy/J+zbzYj3h5W7RGUsbkGY+34DKw==",
      "requires": {
        "@zxing/text-encoding": "~0.9.0",
        "ts-custom-error": "^3.0.0"
      }
    },
    "@zxing/text-encoding": {
      "version": "0.9.0",
      "resolved": "https://registry.npmjs.org/@zxing/text-encoding/-/text-encoding-0.9.0.tgz",
      "integrity": "sha512-U/4aVJ2mxI0aDNI8Uq0wEhMgY+u4CNtEb0om3+y3+niDAsoTCOB33UF0sxpzqzdqXLqmvc+vZyAt4O8pPdfkwA==",
      "optional": true
    },
    "angular": {
      "version": "1.5.9",
      "resolved": "https://registry.npmjs.org/angular/-/angular-1.5.9.tgz",
      "integrity": "sha1-t67/QtrYeIHga+FrZpD+dm2Gi1E="
    },
    "angular-aria": {
      "version": "1.5.9",
      "resolved": "https://registry.npmjs.org/angular-aria/-/angular-aria-1.5.9.tgz",
      "integrity": "sha1-zvSTb7z42/fs2rxbR12lnZizaUs="
    },
    "angular-cookies": {
      "version": "1.5.8",
      "resolved": "https://registry.npmjs.org/angular-cookies/-/angular-cookies-1.5.8.tgz",
      "integrity": "sha1-CPOfouF7bjqRbNO6c1L51wLoqf4="
    },
    "angular-dynamic-locale": {
      "version": "0.1.32",
      "resolved": "https://registry.npmjs.org/angular-dynamic-locale/-/angular-dynamic-locale-0.1.32.tgz",
      "integrity": "sha1-0H/qdSgfJbqUpb5bRt8qAsXjWDY="
    },
    "angular-i18n": {
      "version": "1.4.5",
      "resolved": "https://registry.npmjs.org/angular-i18n/-/angular-i18n-1.4.5.tgz",
      "integrity": "sha1-hegq6EhZgCmCVFqvXWRrL3GAOWw="
    },
    "angular-messages": {
      "version": "1.5.6",
      "resolved": "https://registry.npmjs.org/angular-messages/-/angular-messages-1.5.6.tgz",
      "integrity": "sha1-7BWTDK8je+o4+5seMCztrYxglPw="
    },
    "angular-moment": {
      "version": "1.2.0",
      "resolved": "https://registry.npmjs.org/angular-moment/-/angular-moment-1.2.0.tgz",
      "integrity": "sha512-0jm7AfCTk/zbBuVuoz9MecMplGfTQ9Wk9JB8J4qYX9IddcETRukpbKXMy27YTL1wKwYJkRTbGMu/Pb3IXbMfyA==",
      "requires": {
        "moment": ">=2.8.0 <3.0.0"
      }
    },
    "angular-resource": {
      "version": "1.3.15",
      "resolved": "https://registry.npmjs.org/angular-resource/-/angular-resource-1.3.15.tgz",
      "integrity": "sha1-cO6jEDhQ6j3BQgCeXKjD7x0RbBg="
    },
    "angular-sanitize": {
      "version": "1.3.15",
      "resolved": "https://registry.npmjs.org/angular-sanitize/-/angular-sanitize-1.3.15.tgz",
      "integrity": "sha1-0VSrTz0dJj9j8eIMBrcawXKg/mw="
    },
    "angular-translate": {
      "version": "2.11.1",
      "resolved": "https://registry.npmjs.org/angular-translate/-/angular-translate-2.11.1.tgz",
      "integrity": "sha1-Rjp7JWnpwe8PLj26fBc9JHFkdYI=",
      "requires": {
        "angular": ">=1.2.26 <=1.6"
      }
    },
    "angular-translate-handler-log": {
      "version": "2.11.1",
      "resolved": "https://registry.npmjs.org/angular-translate-handler-log/-/angular-translate-handler-log-2.11.1.tgz",
      "integrity": "sha1-iBhWcO7wcUoXgZ3NLOUF0tyr0yo=",
      "requires": {
        "angular-translate": "~2.11.1"
      }
    },
    "angular-translate-loader-static-files": {
      "version": "2.11.1",
      "resolved": "https://registry.npmjs.org/angular-translate-loader-static-files/-/angular-translate-loader-static-files-2.11.1.tgz",
      "integrity": "sha1-73wiPnrAzEJzr+I7+rqQC5y6nx8=",
      "requires": {
        "angular-translate": "~2.11.1"
      }
    },
    "angular-translate-storage-cookie": {
      "version": "2.11.1",
      "resolved": "https://registry.npmjs.org/angular-translate-storage-cookie/-/angular-translate-storage-cookie-2.11.1.tgz",
      "integrity": "sha1-mEiEfFVpNvn/9eHuhjVIEOvTg1E=",
      "requires": {
        "angular-cookies": ">=1.2.26 <1.6",
        "angular-translate": "~2.11.1"
      }
    },
    "angular-translate-storage-local": {
      "version": "2.11.1",
      "resolved": "https://registry.npmjs.org/angular-translate-storage-local/-/angular-translate-storage-local-2.11.1.tgz",
      "integrity": "sha1-+FdQwRu/hLdI9ZKDequv9BOwVdM=",
      "requires": {
        "angular-translate": "~2.11.1",
        "angular-translate-storage-cookie": "~2.11.1"
      }
    },
    "angular-ui-bootstrap": {
      "version": "0.13.0",
      "resolved": "https://registry.npmjs.org/angular-ui-bootstrap/-/angular-ui-bootstrap-0.13.0.tgz",
      "integrity": "sha1-cnYDLe3f5q6bW7vMMo7lV2+om2k="
    },
    "angular-ui-notification": {
      "version": "github:alexcrack/angular-ui-notification#bef09d9274cfc37030f065e452f259ddd2fd9c57",
      "from": "github:alexcrack/angular-ui-notification#v0.0.14"
    },
    "angular-ui-router": {
      "version": "github:angular-ui/ui-router#805e69bae319e922e4d3265b7ef565058aaff850",
      "from": "github:angular-ui/ui-router#0.2.15"
    },
    "bootstrap": {
      "version": "3.3.4",
      "resolved": "https://registry.npmjs.org/bootstrap/-/bootstrap-3.3.4.tgz",
      "integrity": "sha1-AjeLSmts56VeOt0e2uQa1590ZGo="
    },
    "chart.js": {
      "version": "2.0.0",
      "resolved": "https://registry.npmjs.org/chart.js/-/chart.js-2.0.0.tgz",
      "integrity": "sha1-AjKPJYYKPz2tgi83PLWPXVMVuzo=",
      "requires": {
        "chartjs-color": "^1.0.2",
        "moment": "^2.10.6"
      }
    },
    "chartjs-color": {
      "version": "1.0.22",
      "resolved": "https://registry.npmjs.org/chartjs-color/-/chartjs-color-1.0.22.tgz",
      "integrity": "sha1-qZsPdNYHjw/8pBeIQz4U2BRMeiw=",
      "requires": {
        "chartjs-color-string": "^0.4.0",
        "color-convert": "^0.5.0"
      }
    },
    "chartjs-color-string": {
      "version": "0.4.0",
      "resolved": "https://registry.npmjs.org/chartjs-color-string/-/chartjs-color-string-0.4.0.tgz",
      "integrity": "sha1-V3SNRTCuKNjbClSSGCugbf3y9Gg=",
      "requires": {
        "color-name": "^1.0.0"
      }
    },
    "color-convert": {
      "version": "0.5.3",
      "resolved": "https://registry.npmjs.org/color-convert/-/color-convert-0.5.3.tgz",
      "integrity": "sha1-vbbGnOZg+t/+CwAHzER+G59ygr0="
    },
    "color-name": {
      "version": "1.1.4",
      "resolved": "https://registry.npmjs.org/color-name/-/color-name-1.1.4.tgz",
      "integrity": "sha512-dOy+3AuW3a2wNbZHIuMZpTcgjGuLU/uBL/ubcZF9OXbDo8ff4O8yVp5Bf0efS8uEoYo5q4Fx7dY9OgQGXgAsQA=="
    },
    "cronapi-js": {
      "version": "2.8.14",
      "resolved": "https://registry.npmjs.org/cronapi-js/-/cronapi-js-2.8.14.tgz",
      "integrity": "sha512-BFipwfLQlrzO8co8BwqTw4kQDJDntENkDLcJqqmN+RU94S5nksTGgazbyUJz7wJhfYcTfM9WVU2tfGl4EKxNeg==",
      "requires": {
        "@zxing/library": "0.18.5",
        "natives": "1.1.6"
      }
    },
    "cronapp-common-js": {
      "version": "2.8.6",
      "resolved": "https://registry.npmjs.org/cronapp-common-js/-/cronapp-common-js-2.8.6.tgz",
      "integrity": "sha512-iRac/iLJ9xEB4qt8JK4U7MQYdjWbUhanQcr6d4LxriQL5WyRoXUTJRdwiX+D5Cr2xpS7ABdxMYRyn7XRPZLiGg=="
    },
    "cronapp-framework-mobile-js": {
      "version": "2.8.9",
      "resolved": "https://registry.npmjs.org/cronapp-framework-mobile-js/-/cronapp-framework-mobile-js-2.8.9.tgz",
      "integrity": "sha512-UZEg5N6u3VTBvU1sMQf3O1g4RtgckRgK/nctQmq7Lwa9qGnFbWsM0/tZIqWghy5cZlo4gd7wcjNyEX1LOq31ag==",
      "requires": {
        "angular": "1.5.9",
        "angular-aria": "1.5.9",
        "angular-cookies": "1.5.8",
        "angular-dynamic-locale": "0.1.32",
        "angular-i18n": "1.4.5",
        "angular-messages": "1.5.6",
        "angular-moment": "1.2.0",
        "angular-resource": "1.3.15",
        "angular-sanitize": "1.3.15",
        "angular-translate": "2.11.1",
        "angular-translate-handler-log": "2.11.1",
        "angular-translate-loader-static-files": "2.11.1",
        "angular-translate-storage-local": "2.11.1",
        "angular-ui-bootstrap": "0.13.0",
        "angular-ui-notification": "github:alexcrack/angular-ui-notification#v0.0.14",
        "angular-ui-router": "github:angular-ui/ui-router#0.2.15",
        "bootstrap": "3.3.4",
        "chart.js": "2.0.0",
        "font-awesome": "4.4.0",
        "jquery": "2.1.4",
        "moment": "2.24.0",
        "ng-file-upload": "12.2.13",
        "pace": "github:HubSpot/pace#v1.0.2"
      }
    },
    "font-awesome": {
      "version": "4.4.0",
      "resolved": "https://registry.npmjs.org/font-awesome/-/font-awesome-4.4.0.tgz",
      "integrity": "sha1-n+Q/gs9ycmuty9snBEB6rayhfak="
    },
    "jquery": {
      "version": "2.1.4",
      "resolved": "https://registry.npmjs.org/jquery/-/jquery-2.1.4.tgz",
      "integrity": "sha1-IoveaYoMYUMdwmMKahVPFYkNIxc="
    },
    "moment": {
      "version": "2.24.0",
      "resolved": "https://registry.npmjs.org/moment/-/moment-2.24.0.tgz",
      "integrity": "sha512-bV7f+6l2QigeBBZSM/6yTNq4P2fNpSWj/0e7jQcy87A8e7o2nAfP/34/2ky5Vw4B9S446EtIhodAzkFCcR4dQg=="
    },
    "natives": {
      "version": "1.1.6",
      "resolved": "https://registry.npmjs.org/natives/-/natives-1.1.6.tgz",
      "integrity": "sha512-6+TDFewD4yxY14ptjKaS63GVdtKiES1pTPyxn9Jb0rBqPMZ7VcCiooEhPNsr+mqHtMGxa/5c/HhcC4uPEUw/nA=="
    },
    "ng-file-upload": {
      "version": "12.2.13",
      "resolved": "https://registry.npmjs.org/ng-file-upload/-/ng-file-upload-12.2.13.tgz",
      "integrity": "sha1-AYAPOHLlJvlTEPhHfpnk8S0NjRQ="
    },
    "pace": {
      "version": "github:HubSpot/pace#c6846cbf6b928e9903b569269fa9fbf32f2554f4",
      "from": "github:HubSpot/pace#v1.0.2"
    },
    "ts-custom-error": {
      "version": "3.2.0",
      "resolved": "https://registry.npmjs.org/ts-custom-error/-/ts-custom-error-3.2.0.tgz",
      "integrity": "sha512-cBvC2QjtvJ9JfWLvstVnI45Y46Y5dMxIaG1TDMGAD/R87hpvqFL+7LhvUDhnRCfOnx/xitollFWWvUKKKhbN0A=="
    }
  }
}
