{
  "name": "webapp",
  "version": "1.0.0",
  "lockfileVersion": 1,
  "requires": true,
  "dependencies": {
    "@zxing/library": {
      "version": "0.18.5",
      "resolved": "https://registry.npmjs.org/@zxing/library/-/library-0.18.5.tgz",
      "integrity": "sha512-ipJeSBUQXgrJbgRotmDiSr+1/EeEJFPHbODrewGdz1sDbhWS+iWuHMrboqy/J+zbzYj3h5W7RGUsbkGY+34DKw==",
      "requires": {
        "@zxing/text-encoding": "~0.9.0",
        "ts-custom-error": "^3.0.0"
      }
    },
    "@zxing/text-encoding": {
      "version": "0.9.0",
      "resolved": "https://registry.npmjs.org/@zxing/text-encoding/-/text-encoding-0.9.0.tgz",
      "integrity": "sha512-U/4aVJ2mxI0aDNI8Uq0wEhMgY+u4CNtEb0om3+y3+niDAsoTCOB33UF0sxpzqzdqXLqmvc+vZyAt4O8pPdfkwA==",
      "optional": true
    },
    "angular": {
      "version": "1.5.9",
      "resolved": "https://registry.npmjs.org/angular/-/angular-1.5.9.tgz",
      "integrity": "sha1-t67/QtrYeIHga+FrZpD+dm2Gi1E="
    },
    "angular-chart.js": {
      "version": "1.1.1",
      "resolved": "https://registry.npmjs.org/angular-chart.js/-/angular-chart.js-1.1.1.tgz",
      "integrity": "sha1-SfDhjQgXYrbUyXkeSHr/L7sw9a4=",
      "requires": {
        "angular": "1.x",
        "chart.js": "2.3.x"
      },
      "dependencies": {
        "chart.js": {
          "version": "2.3.0",
          "resolved": "https://registry.npmjs.org/chart.js/-/chart.js-2.3.0.tgz",
          "integrity": "sha1-QEYOSOLEF8BfwzJc2E97AA3H19Y=",
          "requires": {
            "chartjs-color": "^2.0.0",
            "moment": "^2.10.6"
          }
        },
        "moment": {
          "version": "2.29.1",
          "resolved": "https://registry.npmjs.org/moment/-/moment-2.29.1.tgz",
          "integrity": "sha512-kHmoybcPV8Sqy59DwNDY3Jefr64lK/by/da0ViFcuA4DH0vQg5Q6Ze5VimxkfQNSC+Mls/Kx53s7TjP1RhFEDQ=="
        }
      }
    },
    "angular-cookies": {
      "version": "1.5.8",
      "resolved": "https://registry.npmjs.org/angular-cookies/-/angular-cookies-1.5.8.tgz",
      "integrity": "sha1-CPOfouF7bjqRbNO6c1L51wLoqf4="
    },
    "angular-dynamic-locale": {
      "version": "0.1.32",
      "resolved": "https://registry.npmjs.org/angular-dynamic-locale/-/angular-dynamic-locale-0.1.32.tgz",
      "integrity": "sha1-0H/qdSgfJbqUpb5bRt8qAsXjWDY="
    },
    "angular-i18n": {
      "version": "1.4.5",
      "resolved": "https://registry.npmjs.org/angular-i18n/-/angular-i18n-1.4.5.tgz",
      "integrity": "sha1-hegq6EhZgCmCVFqvXWRrL3GAOWw="
    },
    "angular-resource": {
      "version": "1.3.15",
      "resolved": "https://registry.npmjs.org/angular-resource/-/angular-resource-1.3.15.tgz",
      "integrity": "sha1-cO6jEDhQ6j3BQgCeXKjD7x0RbBg="
    },
    "angular-sanitize": {
      "version": "1.3.15",
      "resolved": "https://registry.npmjs.org/angular-sanitize/-/angular-sanitize-1.3.15.tgz",
      "integrity": "sha1-0VSrTz0dJj9j8eIMBrcawXKg/mw="
    },
    "angular-translate": {
      "version": "2.11.1",
      "resolved": "https://registry.npmjs.org/angular-translate/-/angular-translate-2.11.1.tgz",
      "integrity": "sha1-Rjp7JWnpwe8PLj26fBc9JHFkdYI=",
      "requires": {
        "angular": ">=1.2.26 <=1.6"
      }
    },
    "angular-translate-handler-log": {
      "version": "2.11.1",
      "resolved": "https://registry.npmjs.org/angular-translate-handler-log/-/angular-translate-handler-log-2.11.1.tgz",
      "integrity": "sha1-iBhWcO7wcUoXgZ3NLOUF0tyr0yo=",
      "requires": {
        "angular-translate": "~2.11.1"
      }
    },
    "angular-translate-loader-static-files": {
      "version": "2.11.1",
      "resolved": "https://registry.npmjs.org/angular-translate-loader-static-files/-/angular-translate-loader-static-files-2.11.1.tgz",
      "integrity": "sha1-73wiPnrAzEJzr+I7+rqQC5y6nx8=",
      "requires": {
        "angular-translate": "~2.11.1"
      }
    },
    "angular-translate-storage-cookie": {
      "version": "2.11.1",
      "resolved": "https://registry.npmjs.org/angular-translate-storage-cookie/-/angular-translate-storage-cookie-2.11.1.tgz",
      "integrity": "sha1-mEiEfFVpNvn/9eHuhjVIEOvTg1E=",
      "requires": {
        "angular-cookies": ">=1.2.26 <1.6",
        "angular-translate": "~2.11.1"
      }
    },
    "angular-translate-storage-local": {
      "version": "2.11.1",
      "resolved": "https://registry.npmjs.org/angular-translate-storage-local/-/angular-translate-storage-local-2.11.1.tgz",
      "integrity": "sha1-+FdQwRu/hLdI9ZKDequv9BOwVdM=",
      "requires": {
        "angular-translate": "~2.11.1",
        "angular-translate-storage-cookie": "~2.11.1"
      }
    },
    "angular-ui-bootstrap": {
      "version": "0.13.0",
      "resolved": "https://registry.npmjs.org/angular-ui-bootstrap/-/angular-ui-bootstrap-0.13.0.tgz",
      "integrity": "sha1-cnYDLe3f5q6bW7vMMo7lV2+om2k="
    },
    "angular-ui-notification": {
      "version": "0.3.6",
      "resolved": "https://registry.npmjs.org/angular-ui-notification/-/angular-ui-notification-0.3.6.tgz",
      "integrity": "sha1-MzvL6ComUUgrOcNZWzy/qI4wvPc="
    },
    "angular-ui-router": {
      "version": "github:angular-ui/ui-router#805e69bae319e922e4d3265b7ef565058aaff850",
      "from": "github:angular-ui/ui-router#0.2.15"
    },
    "bootstrap": {
      "version": "3.3.4",
      "resolved": "https://registry.npmjs.org/bootstrap/-/bootstrap-3.3.4.tgz",
      "integrity": "sha1-AjeLSmts56VeOt0e2uQa1590ZGo="
    },
    "buffer-from": {
      "version": "1.1.2",
      "resolved": "https://registry.npmjs.org/buffer-from/-/buffer-from-1.1.2.tgz",
      "integrity": "sha512-E+XQCRwSbaaiChtv6k6Dwgc+bx+Bs6vuKJHHl5kox/BaKbhiXzqQOwK4cO22yElGp2OCmjwVhT3HmxgyPGnJfQ=="
    },
    "chart.js": {
      "version": "2.7.0",
      "resolved": "https://registry.npmjs.org/chart.js/-/chart.js-2.7.0.tgz",
      "integrity": "sha1-Mw277gxmGZ63FfYPv4ykApYJpSk=",
      "requires": {
        "chartjs-color": "~2.2.0",
        "moment": "~2.18.0"
      },
      "dependencies": {
        "chartjs-color": {
          "version": "2.2.0",
          "resolved": "https://registry.npmjs.org/chartjs-color/-/chartjs-color-2.2.0.tgz",
          "integrity": "sha1-hKL7dVeH7YXDndbdjHsdiEKbrq4=",
          "requires": {
            "chartjs-color-string": "^0.5.0",
            "color-convert": "^0.5.3"
          }
        },
        "chartjs-color-string": {
          "version": "0.5.0",
          "resolved": "https://registry.npmjs.org/chartjs-color-string/-/chartjs-color-string-0.5.0.tgz",
          "integrity": "sha512-amWNvCOXlOUYxZVDSa0YOab5K/lmEhbFNKI55PWc4mlv28BDzA7zaoQTGxSBgJMHIW+hGX8YUrvw/FH4LyhwSQ==",
          "requires": {
            "color-name": "^1.0.0"
          }
        },
        "color-convert": {
          "version": "0.5.3",
          "resolved": "https://registry.npmjs.org/color-convert/-/color-convert-0.5.3.tgz",
          "integrity": "sha1-vbbGnOZg+t/+CwAHzER+G59ygr0="
        },
        "moment": {
          "version": "2.18.1",
          "resolved": "https://registry.npmjs.org/moment/-/moment-2.18.1.tgz",
          "integrity": "sha1-w2GT3Tzhwu7SrbfIAtu8d6gbHA8="
        }
      }
    },
    "chartjs-color": {
      "version": "2.4.1",
      "resolved": "https://registry.npmjs.org/chartjs-color/-/chartjs-color-2.4.1.tgz",
      "integrity": "sha512-haqOg1+Yebys/Ts/9bLo/BqUcONQOdr/hoEr2LLTRl6C5LXctUdHxsCYfvQVg5JIxITrfCNUDr4ntqmQk9+/0w==",
      "requires": {
        "chartjs-color-string": "^0.6.0",
        "color-convert": "^1.9.3"
      }
    },
    "chartjs-color-string": {
      "version": "0.6.0",
      "resolved": "https://registry.npmjs.org/chartjs-color-string/-/chartjs-color-string-0.6.0.tgz",
      "integrity": "sha512-TIB5OKn1hPJvO7JcteW4WY/63v6KwEdt6udfnDE9iCAZgy+V4SrbSxoIbTw/xkUIapjEI4ExGtD0+6D3KyFd7A==",
      "requires": {
        "color-name": "^1.0.0"
      }
    },
    "color-convert": {
      "version": "1.9.3",
      "resolved": "https://registry.npmjs.org/color-convert/-/color-convert-1.9.3.tgz",
      "integrity": "sha512-QfAUtd+vFdAtFQcC8CCyYt1fYWxSqAiK2cSD6zDB8N3cpsEBAvRxp9zOGg6G/SHHJYAT88/az/IuDGALsNVbGg==",
      "requires": {
        "color-name": "1.1.3"
      },
      "dependencies": {
        "color-name": {
          "version": "1.1.3",
          "resolved": "https://registry.npmjs.org/color-name/-/color-name-1.1.3.tgz",
          "integrity": "sha1-p9BVi9icQveV3UIyj3QIMcpTvCU="
        }
      }
    },
    "color-name": {
      "version": "1.1.4",
      "resolved": "https://registry.npmjs.org/color-name/-/color-name-1.1.4.tgz",
      "integrity": "sha512-dOy+3AuW3a2wNbZHIuMZpTcgjGuLU/uBL/ubcZF9OXbDo8ff4O8yVp5Bf0efS8uEoYo5q4Fx7dY9OgQGXgAsQA=="
    },
    "commander": {
      "version": "2.20.3",
      "resolved": "https://registry.npmjs.org/commander/-/commander-2.20.3.tgz",
      "integrity": "sha512-GpVkmM8vF2vQUkj2LvZmD35JxeJOLCwJ9cUkugyk2nuhbv3+mJvpLYYt+0+USMxE+oj+ey/lJEnhZw75x/OMcQ=="
    },
    "cpf_cnpj": {
      "version": "0.2.0",
      "resolved": "https://registry.npmjs.org/cpf_cnpj/-/cpf_cnpj-0.2.0.tgz",
      "integrity": "sha1-oDLBkkKjjoNj7c5OeLsfvp1mSqU="
    },
    "cronapi-js": {
      "version": "2.8.14",
      "resolved": "https://registry.npmjs.org/cronapi-js/-/cronapi-js-2.8.14.tgz",
      "integrity": "sha512-BFipwfLQlrzO8co8BwqTw4kQDJDntENkDLcJqqmN+RU94S5nksTGgazbyUJz7wJhfYcTfM9WVU2tfGl4EKxNeg==",
      "requires": {
        "@zxing/library": "0.18.5",
        "natives": "1.1.6"
      }
    },
    "cronapp-common-js": {
      "version": "2.8.6",
      "resolved": "https://registry.npmjs.org/cronapp-common-js/-/cronapp-common-js-2.8.6.tgz",
      "integrity": "sha512-iRac/iLJ9xEB4qt8JK4U7MQYdjWbUhanQcr6d4LxriQL5WyRoXUTJRdwiX+D5Cr2xpS7ABdxMYRyn7XRPZLiGg=="
    },
    "cronapp-framework-js": {
      "version": "2.8.21",
      "resolved": "https://registry.npmjs.org/cronapp-framework-js/-/cronapp-framework-js-2.8.21.tgz",
      "integrity": "sha512-KWg3EgHeOoXqmaO7+QN9SuR5XvPhsEOrBP/2gtNTxXR2QmTL+7aZ1oDwFR32+oetrWah2n6ih/hDY7TehXedHA==",
      "requires": {
        "angular": "1.5.9",
        "angular-chart.js": "1.1.1",
        "angular-cookies": "1.5.8",
        "angular-dynamic-locale": "0.1.32",
        "angular-i18n": "1.4.5",
        "angular-resource": "1.3.15",
        "angular-sanitize": "1.3.15",
        "angular-translate": "2.11.1",
        "angular-translate-handler-log": "2.11.1",
        "angular-translate-loader-static-files": "2.11.1",
        "angular-translate-storage-cookie": "2.11.1",
        "angular-translate-storage-local": "2.11.1",
        "angular-ui-bootstrap": "0.13.0",
        "angular-ui-notification": "0.3.6",
        "angular-ui-router": "github:angular-ui/ui-router#0.2.15",
        "bootstrap": "3.3.4",
        "chart.js": "2.7.0",
        "cpf_cnpj": "0.2.0",
        "eonasdan-bootstrap-datetimepicker": "^4.17.49",
        "font-awesome": "4.4.0",
        "jquery": "3.5.1",
        "justgage": "1.3.5",
        "moment": "2.9.0",
        "moment-timezone": "0.4.0",
        "natives": "1.1.6",
        "ng-file-upload": "12.2.13",
        "ng-mask": "3.0.12",
        "pace": "github:HubSpot/pace#v0.7.8",
        "raphael": "github:DmitryBaranovskiy/raphael#v2.1.4",
        "ui-select": "0.18.1",
        "ui-select-infinity": "github:hyzhak/ui-select-infinity#v0.1.5"
      }
    },
    "cronapp-lib-js": {
      "version": "2.8.2",
      "resolved": "https://registry.npmjs.org/cronapp-lib-js/-/cronapp-lib-js-2.8.2.tgz",
      "integrity": "sha512-gQovV3tcJ7SQ33GmkMXSP9ig0CDy/kW2IKbT6EGhuvZtFeeGBjY0yjg3ELaUq2vVK1XupsF/ze91HdnU8V7qQw==",
      "requires": {
        "terser": "^4.8.0"
      }
    },
    "eonasdan-bootstrap-datetimepicker": {
      "version": "4.17.49",
      "resolved": "https://registry.npmjs.org/eonasdan-bootstrap-datetimepicker/-/eonasdan-bootstrap-datetimepicker-4.17.49.tgz",
      "integrity": "sha512-7KZeDpkj+A6AtPR3XjX8gAnRPUkPSfW0OmMANG1dkUOPMtLSzbyoCjDIdEcfRtQPU5X0D9Gob7wWKn0h4QWy7A==",
      "requires": {
        "bootstrap": "^3.3",
        "jquery": "^3.5.1",
        "moment": "^2.10",
        "moment-timezone": "^0.4.0"
      },
      "dependencies": {
        "moment": {
          "version": "2.29.1",
          "resolved": "https://registry.npmjs.org/moment/-/moment-2.29.1.tgz",
          "integrity": "sha512-kHmoybcPV8Sqy59DwNDY3Jefr64lK/by/da0ViFcuA4DH0vQg5Q6Ze5VimxkfQNSC+Mls/Kx53s7TjP1RhFEDQ=="
        }
      }
    },
    "eve": {
      "version": "git://github.com/adobe-webplatform/eve.git#eef80ed8d188423c2272746fb8ae5cc8dad84cb1",
      "from": "git://github.com/adobe-webplatform/eve.git#eef80ed"
    },
    "eve-raphael": {
      "version": "0.5.0",
      "resolved": "https://registry.npmjs.org/eve-raphael/-/eve-raphael-0.5.0.tgz",
      "integrity": "sha1-F8dUt5K+7z+maE15z1pHxjxM2jA="
    },
    "font-awesome": {
      "version": "4.4.0",
      "resolved": "https://registry.npmjs.org/font-awesome/-/font-awesome-4.4.0.tgz",
      "integrity": "sha1-n+Q/gs9ycmuty9snBEB6rayhfak="
    },
    "jquery": {
      "version": "3.5.1",
      "resolved": "https://registry.npmjs.org/jquery/-/jquery-3.5.1.tgz",
      "integrity": "sha512-XwIBPqcMn57FxfT+Go5pzySnm4KWkT1Tv7gjrpT1srtf8Weynl6R273VJ5GjkRb51IzMp5nbaPjJXMWeju2MKg=="
    },
    "justgage": {
      "version": "1.3.5",
      "resolved": "https://registry.npmjs.org/justgage/-/justgage-1.3.5.tgz",
      "integrity": "sha512-5P71LcTEqhg4Rh1rDKo9JgkE2cCZvHnKuagD80MXtEGvidLmRPm309YEwM2BHdEP4Q5DPwGUYjWQm4QY1QR4Yg==",
      "requires": {
        "raphael": "^2.2.8"
      },
      "dependencies": {
        "raphael": {
          "version": "2.3.0",
          "resolved": "https://registry.npmjs.org/raphael/-/raphael-2.3.0.tgz",
          "integrity": "sha512-w2yIenZAQnp257XUWGni4bLMVxpUpcIl7qgxEgDIXtmSypYtlNxfXWpOBxs7LBTps5sDwhRnrToJrMUrivqNTQ==",
          "requires": {
            "eve-raphael": "0.5.0"
          }
        }
      }
    },
    "moment": {
      "version": "2.9.0",
      "resolved": "https://registry.npmjs.org/moment/-/moment-2.9.0.tgz",
      "integrity": "sha1-d+wRdfopT0JifxDI5t5jAsA29tU="
    },
    "moment-timezone": {
      "version": "0.4.0",
      "resolved": "https://registry.npmjs.org/moment-timezone/-/moment-timezone-0.4.0.tgz",
      "integrity": "sha1-Vx7EP10vtw3bYBx9I7KE4vY92rQ=",
      "requires": {
        "moment": ">= 2.6.0"
      }
    },
    "natives": {
      "version": "1.1.6",
      "resolved": "https://registry.npmjs.org/natives/-/natives-1.1.6.tgz",
      "integrity": "sha512-6+TDFewD4yxY14ptjKaS63GVdtKiES1pTPyxn9Jb0rBqPMZ7VcCiooEhPNsr+mqHtMGxa/5c/HhcC4uPEUw/nA=="
    },
    "ng-file-upload": {
      "version": "12.2.13",
      "resolved": "https://registry.npmjs.org/ng-file-upload/-/ng-file-upload-12.2.13.tgz",
      "integrity": "sha1-AYAPOHLlJvlTEPhHfpnk8S0NjRQ="
    },
    "ng-mask": {
      "version": "3.0.12",
      "resolved": "https://registry.npmjs.org/ng-mask/-/ng-mask-3.0.12.tgz",
      "integrity": "sha1-vMpdEUiGz1R+VuwdrvMIGd8c0t8="
    },
    "pace": {
      "version": "github:HubSpot/pace#b736335d0073770baf9db00e2edcf0cdfc16bc90",
      "from": "github:HubSpot/pace#v0.7.8"
    },
    "raphael": {
      "version": "github:DmitryBaranovskiy/raphael#a29d980d1f6b0aed9a0f18d751a76e862f5fbc4f",
      "from": "github:DmitryBaranovskiy/raphael#v2.1.4",
      "requires": {
        "eve": "git://github.com/adobe-webplatform/eve.git#eef80ed"
      }
    },
    "source-map": {
      "version": "0.6.1",
      "resolved": "https://registry.npmjs.org/source-map/-/source-map-0.6.1.tgz",
      "integrity": "sha512-UjgapumWlbMhkBgzT7Ykc5YXUT46F0iKu8SGXq0bcwP5dz/h0Plj6enJqjz1Zbq2l5WaqYnrVbwWOWMyF3F47g=="
    },
    "source-map-support": {
      "version": "0.5.20",
      "resolved": "https://registry.npmjs.org/source-map-support/-/source-map-support-0.5.20.tgz",
      "integrity": "sha512-n1lZZ8Ve4ksRqizaBQgxXDgKwttHDhyfQjA6YZZn8+AroHbsIz+JjwxQDxbp+7y5OYCI8t1Yk7etjD9CRd2hIw==",
      "requires": {
        "buffer-from": "^1.0.0",
        "source-map": "^0.6.0"
      }
    },
    "terser": {
      "version": "4.8.0",
      "resolved": "https://registry.npmjs.org/terser/-/terser-4.8.0.tgz",
      "integrity": "sha512-EAPipTNeWsb/3wLPeup1tVPaXfIaU68xMnVdPafIL1TV05OhASArYyIfFvnvJCNrR2NIOvDVNNTFRa+Re2MWyw==",
      "requires": {
        "commander": "^2.20.0",
        "source-map": "~0.6.1",
        "source-map-support": "~0.5.12"
      }
    },
    "ts-custom-error": {
      "version": "3.2.0",
      "resolved": "https://registry.npmjs.org/ts-custom-error/-/ts-custom-error-3.2.0.tgz",
      "integrity": "sha512-cBvC2QjtvJ9JfWLvstVnI45Y46Y5dMxIaG1TDMGAD/R87hpvqFL+7LhvUDhnRCfOnx/xitollFWWvUKKKhbN0A=="
    },
    "ui-select": {
      "version": "0.18.1",
      "resolved": "https://registry.npmjs.org/ui-select/-/ui-select-0.18.1.tgz",
      "integrity": "sha1-+2JWhJOYGZa3xEfiq1euycC3scE="
    },
    "ui-select-infinity": {
      "version": "github:hyzhak/ui-select-infinity#1be46401d56a477c90eeb3c957fee4dbb8cea619",
      "from": "github:hyzhak/ui-select-infinity#v0.1.5"
    }
  }
}
